
Microsoft Visual Studio Solution File, Format Version 12.00
# Visual Studio 15
VisualStudioVersion = 15.0.27428.2037
MinimumVisualStudioVersion = 10.0.40219.1
Project("{2150E333-8FDC-42A3-9474-1A3956D46DE8}") = "Contexto", "Contexto", "{371B6E52-5E7C-48A6-B743-AE1B49C703BF}"
EndProject
Project("{2150E333-8FDC-42A3-9474-1A3956D46DE8}") = "Cadastros", "Cadastros", "{6F32B9E2-1297-4F65-A61F-7D4DAC93FF3E}"
EndProject
Project("{2150E333-8FDC-42A3-9474-1A3956D46DE8}") = "Application", "Application", "{A1511D99-DC6D-4782-84EB-3E96E5B1597B}"
EndProject
Project("{2150E333-8FDC-42A3-9474-1A3956D46DE8}") = "Domain", "Domain", "{8ADC273F-B8AF-4210-B486-9D7A65E4F0FE}"
EndProject
Project("{2150E333-8FDC-42A3-9474-1A3956D46DE8}") = "Core", "Core", "{AD8AAD71-4D13-417D-BDF8-902AA21F16FE}"
EndProject
Project("{FAE04EC0-301F-11D3-BF4B-00C04F79EFBC}") = "ITS.Prova.Application", "ITS.Prova.Application\ITS.Prova.Application.csproj", "{2C6729CF-63A8-4396-9B4D-1E24E29EFEC7}"
EndProject
Project("{FAE04EC0-301F-11D3-BF4B-00C04F79EFBC}") = "ITS.Prova.Domain", "ITS.Prova.Domain\ITS.Prova.Domain.csproj", "{5469D40E-2B2A-4202-A530-3C760338BD1D}"
EndProject
Project("{2150E333-8FDC-42A3-9474-1A3956D46DE8}") = "API", "API", "{FF745EE1-B254-4AE6-B021-5B6BCEA396E0}"
EndProject
Project("{FAE04EC0-301F-11D3-BF4B-00C04F79EFBC}") = "ITS.Prova.API", "ITS.Prova.API\ITS.Prova.API.csproj", "{4D21F936-EE2E-4998-BFFD-3C8CCCA529A1}"
EndProject
Project("{FAE04EC0-301F-11D3-BF4B-00C04F79EFBC}") = "ITS.Prova.Site", "ITS.Prova.Site\ITS.Prova.Site.csproj", "{1850848E-5AE4-43CA-BDED-E18351E20CE6}"
EndProject
Project("{2150E333-8FDC-42A3-9474-1A3956D46DE8}") = "Data", "Data", "{55926800-89D8-4557-9B45-6CFD77010425}"
EndProject
Project("{2150E333-8FDC-42A3-9474-1A3956D46DE8}") = "Infra", "Infra", "{7685B0B5-C22E-4C29-B9E9-A83ECC5D60BF}"
EndProject
Project("{FAE04EC0-301F-11D3-BF4B-00C04F79EFBC}") = "ITS.Prova.Infra", "ITS.Prova.Infra\ITS.Prova.Infra.csproj", "{DEB0C811-5A52-4D1A-BE55-2E622E1B7D66}"
EndProject
Project("{FAE04EC0-301F-11D3-BF4B-00C04F79EFBC}") = "ITSProva.Data", "ITSProva.Data\ITSProva.Data.csproj", "{870DF194-4E38-4935-B31E-6D732822531E}"
EndProject
Global
	GlobalSection(SolutionConfigurationPlatforms) = preSolution
		Debug|Any CPU = Debug|Any CPU
		Release|Any CPU = Release|Any CPU
	EndGlobalSection
	GlobalSection(ProjectConfigurationPlatforms) = postSolution
		{2C6729CF-63A8-4396-9B4D-1E24E29EFEC7}.Debug|Any CPU.ActiveCfg = Debug|Any CPU
		{2C6729CF-63A8-4396-9B4D-1E24E29EFEC7}.Debug|Any CPU.Build.0 = Debug|Any CPU
		{2C6729CF-63A8-4396-9B4D-1E24E29EFEC7}.Release|Any CPU.ActiveCfg = Release|Any CPU
		{2C6729CF-63A8-4396-9B4D-1E24E29EFEC7}.Release|Any CPU.Build.0 = Release|Any CPU
		{5469D40E-2B2A-4202-A530-3C760338BD1D}.Debug|Any CPU.ActiveCfg = Debug|Any CPU
		{5469D40E-2B2A-4202-A530-3C760338BD1D}.Debug|Any CPU.Build.0 = Debug|Any CPU
		{5469D40E-2B2A-4202-A530-3C760338BD1D}.Release|Any CPU.ActiveCfg = Release|Any CPU
		{5469D40E-2B2A-4202-A530-3C760338BD1D}.Release|Any CPU.Build.0 = Release|Any CPU
		{4D21F936-EE2E-4998-BFFD-3C8CCCA529A1}.Debug|Any CPU.ActiveCfg = Debug|Any CPU
		{4D21F936-EE2E-4998-BFFD-3C8CCCA529A1}.Debug|Any CPU.Build.0 = Debug|Any CPU
		{4D21F936-EE2E-4998-BFFD-3C8CCCA529A1}.Release|Any CPU.ActiveCfg = Release|Any CPU
		{4D21F936-EE2E-4998-BFFD-3C8CCCA529A1}.Release|Any CPU.Build.0 = Release|Any CPU
		{1850848E-5AE4-43CA-BDED-E18351E20CE6}.Debug|Any CPU.ActiveCfg = Debug|Any CPU
		{1850848E-5AE4-43CA-BDED-E18351E20CE6}.Debug|Any CPU.Build.0 = Debug|Any CPU
		{1850848E-5AE4-43CA-BDED-E18351E20CE6}.Release|Any CPU.ActiveCfg = Release|Any CPU
		{1850848E-5AE4-43CA-BDED-E18351E20CE6}.Release|Any CPU.Build.0 = Release|Any CPU
		{DEB0C811-5A52-4D1A-BE55-2E622E1B7D66}.Debug|Any CPU.ActiveCfg = Debug|Any CPU
		{DEB0C811-5A52-4D1A-BE55-2E622E1B7D66}.Debug|Any CPU.Build.0 = Debug|Any CPU
		{DEB0C811-5A52-4D1A-BE55-2E622E1B7D66}.Release|Any CPU.ActiveCfg = Release|Any CPU
		{DEB0C811-5A52-4D1A-BE55-2E622E1B7D66}.Release|Any CPU.Build.0 = Release|Any CPU
		{870DF194-4E38-4935-B31E-6D732822531E}.Debug|Any CPU.ActiveCfg = Debug|Any CPU
		{870DF194-4E38-4935-B31E-6D732822531E}.Debug|Any CPU.Build.0 = Debug|Any CPU
		{870DF194-4E38-4935-B31E-6D732822531E}.Release|Any CPU.ActiveCfg = Release|Any CPU
		{870DF194-4E38-4935-B31E-6D732822531E}.Release|Any CPU.Build.0 = Release|Any CPU
	EndGlobalSection
	GlobalSection(SolutionProperties) = preSolution
		HideSolutionNode = FALSE
	EndGlobalSection
	GlobalSection(NestedProjects) = preSolution
		{6F32B9E2-1297-4F65-A61F-7D4DAC93FF3E} = {371B6E52-5E7C-48A6-B743-AE1B49C703BF}
		{A1511D99-DC6D-4782-84EB-3E96E5B1597B} = {6F32B9E2-1297-4F65-A61F-7D4DAC93FF3E}
		{8ADC273F-B8AF-4210-B486-9D7A65E4F0FE} = {6F32B9E2-1297-4F65-A61F-7D4DAC93FF3E}
		{2C6729CF-63A8-4396-9B4D-1E24E29EFEC7} = {A1511D99-DC6D-4782-84EB-3E96E5B1597B}
		{5469D40E-2B2A-4202-A530-3C760338BD1D} = {8ADC273F-B8AF-4210-B486-9D7A65E4F0FE}
		{FF745EE1-B254-4AE6-B021-5B6BCEA396E0} = {AD8AAD71-4D13-417D-BDF8-902AA21F16FE}
		{4D21F936-EE2E-4998-BFFD-3C8CCCA529A1} = {FF745EE1-B254-4AE6-B021-5B6BCEA396E0}
		{55926800-89D8-4557-9B45-6CFD77010425} = {6F32B9E2-1297-4F65-A61F-7D4DAC93FF3E}
		{7685B0B5-C22E-4C29-B9E9-A83ECC5D60BF} = {6F32B9E2-1297-4F65-A61F-7D4DAC93FF3E}
		{DEB0C811-5A52-4D1A-BE55-2E622E1B7D66} = {7685B0B5-C22E-4C29-B9E9-A83ECC5D60BF}
		{870DF194-4E38-4935-B31E-6D732822531E} = {55926800-89D8-4557-9B45-6CFD77010425}
	EndGlobalSection
	GlobalSection(ExtensibilityGlobals) = postSolution
		SolutionGuid = {25A74E1E-75DC-4F5D-B67D-6641DB4ACA12}
	EndGlobalSection
EndGlobal
